
Microsoft Visual Studio Solution File, Format Version 12.00
# Visual Studio 2012
Project("{8BC9CEB8-8B4A-11D0-8D11-00A0C91BC942}") = "Uebung 2 - ASCII", "Programmierung III\Programmierung III.vcxproj", "{396ADF5E-2849-4824-8393-26EB89BF9148}"
EndProject
Project("{8BC9CEB8-8B4A-11D0-8D11-00A0C91BC942}") = "HelloWorldC", "HelloWorldC\HelloWorldC.vcxproj", "{89325DAA-34E8-45AB-AE30-7223FCAD6F58}"
EndProject
Project("{8BC9CEB8-8B4A-11D0-8D11-00A0C91BC942}") = "HelloWorldCPP", "HelloWorldCPP\HelloWorldCPP.vcxproj", "{80A4BE1E-6B1F-472E-81C4-85C116E0E9B4}"
EndProject
Project("{8BC9CEB8-8B4A-11D0-8D11-00A0C91BC942}") = "Uebung 1 - Finanzmathematik", "Uebung 1 - Finanzmathematik\Uebung 1 - Finanzmathematik.vcxproj", "{9FE0D64A-BFDC-42E6-9FBD-429939143593}"
EndProject
Project("{8BC9CEB8-8B4A-11D0-8D11-00A0C91BC942}") = "Uebung 3 - rekursive und nicht-rekursive Algorithmen", "Uebung 3 - rekursive und nicht-rekursive Algorithmen\Uebung 3 - rekursive und nicht-rekursive Algorithmen.vcxproj", "{EA8F6239-8FF6-42B4-8866-EAB5476B53C6}"
EndProject
Global
	GlobalSection(SolutionConfigurationPlatforms) = preSolution
		Debug|Win32 = Debug|Win32
		Release|Win32 = Release|Win32
	EndGlobalSection
	GlobalSection(ProjectConfigurationPlatforms) = postSolution
		{396ADF5E-2849-4824-8393-26EB89BF9148}.Debug|Win32.ActiveCfg = Debug|Win32
		{396ADF5E-2849-4824-8393-26EB89BF9148}.Debug|Win32.Build.0 = Debug|Win32
		{396ADF5E-2849-4824-8393-26EB89BF9148}.Release|Win32.ActiveCfg = Release|Win32
		{396ADF5E-2849-4824-8393-26EB89BF9148}.Release|Win32.Build.0 = Release|Win32
		{89325DAA-34E8-45AB-AE30-7223FCAD6F58}.Debug|Win32.ActiveCfg = Debug|Win32
		{89325DAA-34E8-45AB-AE30-7223FCAD6F58}.Debug|Win32.Build.0 = Debug|Win32
		{89325DAA-34E8-45AB-AE30-7223FCAD6F58}.Release|Win32.ActiveCfg = Release|Win32
		{89325DAA-34E8-45AB-AE30-7223FCAD6F58}.Release|Win32.Build.0 = Release|Win32
		{80A4BE1E-6B1F-472E-81C4-85C116E0E9B4}.Debug|Win32.ActiveCfg = Debug|Win32
		{80A4BE1E-6B1F-472E-81C4-85C116E0E9B4}.Debug|Win32.Build.0 = Debug|Win32
		{80A4BE1E-6B1F-472E-81C4-85C116E0E9B4}.Release|Win32.ActiveCfg = Release|Win32
		{80A4BE1E-6B1F-472E-81C4-85C116E0E9B4}.Release|Win32.Build.0 = Release|Win32
		{9FE0D64A-BFDC-42E6-9FBD-429939143593}.Debug|Win32.ActiveCfg = Debug|Win32
		{9FE0D64A-BFDC-42E6-9FBD-429939143593}.Debug|Win32.Build.0 = Debug|Win32
		{9FE0D64A-BFDC-42E6-9FBD-429939143593}.Release|Win32.ActiveCfg = Release|Win32
		{9FE0D64A-BFDC-42E6-9FBD-429939143593}.Release|Win32.Build.0 = Release|Win32
		{EA8F6239-8FF6-42B4-8866-EAB5476B53C6}.Debug|Win32.ActiveCfg = Debug|Win32
		{EA8F6239-8FF6-42B4-8866-EAB5476B53C6}.Debug|Win32.Build.0 = Debug|Win32
		{EA8F6239-8FF6-42B4-8866-EAB5476B53C6}.Release|Win32.ActiveCfg = Release|Win32
		{EA8F6239-8FF6-42B4-8866-EAB5476B53C6}.Release|Win32.Build.0 = Release|Win32
	EndGlobalSection
	GlobalSection(SolutionProperties) = preSolution
		HideSolutionNode = FALSE
	EndGlobalSection
EndGlobal
